// !$*UTF8*$!
{
	archiveVersion = 1;
	classes = {
	};
	objectVersion = 70;
	objects = {

/* Begin PBXBuildFile section */
		C900C2592C643A72008C0322 /* Localizable.xcstrings in Resources */ = {isa = PBXBuildFile; fileRef = C900C2582C643A72008C0322 /* Localizable.xcstrings */; };
		C912640F2C59A4320082BDF8 /* levels.csv in Resources */ = {isa = PBXBuildFile; fileRef = C912640D2C59A4270082BDF8 /* levels.csv */; };
		C926E85E2C57CE7300C14176 /* SwiftSVG in Frameworks */ = {isa = PBXBuildFile; productRef = C926E85D2C57CE7300C14176 /* SwiftSVG */; };
		C9316BAE2CB47EF3001C97D6 /* LICENSE.txt in Resources */ = {isa = PBXBuildFile; fileRef = C9316BAD2CB47EF3001C97D6 /* LICENSE.txt */; };
		C960F3C12C59A13B009A628A /* SwiftCSV in Frameworks */ = {isa = PBXBuildFile; productRef = C960F3C02C59A13B009A628A /* SwiftCSV */; };
		C9E7B5D12C5AB64800B97AEF /* levels.json in Resources */ = {isa = PBXBuildFile; fileRef = C9E7B5CD2C5AB12B00B97AEF /* levels.json */; };
		C9E7B5D62C5ACB7400B97AEF /* CurrentLevel.json in Resources */ = {isa = PBXBuildFile; fileRef = C9E7B5D52C5ACB6900B97AEF /* CurrentLevel.json */; };
		C9F143352CB3E11C00521037 /* README.md in Resources */ = {isa = PBXBuildFile; fileRef = C9F143342CB3E11300521037 /* README.md */; };
/* End PBXBuildFile section */

/* Begin PBXContainerItemProxy section */
		C9BD96262C77F2C3000DAE70 /* PBXContainerItemProxy */ = {
			isa = PBXContainerItemProxy;
			containerPortal = C926E8382C56BC7000C14176 /* Project object */;
			proxyType = 1;
			remoteGlobalIDString = C926E83F2C56BC7000C14176;
			remoteInfo = SmallRotateGame;
		};
/* End PBXContainerItemProxy section */

/* Begin PBXFileReference section */
		C900C2582C643A72008C0322 /* Localizable.xcstrings */ = {isa = PBXFileReference; lastKnownFileType = text.json.xcstrings; path = Localizable.xcstrings; sourceTree = "<group>"; };
		C912640D2C59A4270082BDF8 /* levels.csv */ = {isa = PBXFileReference; lastKnownFileType = text; path = levels.csv; sourceTree = "<group>"; };
		C926E8402C56BC7000C14176 /* SmallRotateGame.app */ = {isa = PBXFileReference; explicitFileType = wrapper.application; includeInIndex = 0; path = SmallRotateGame.app; sourceTree = BUILT_PRODUCTS_DIR; };
		C9316BAD2CB47EF3001C97D6 /* LICENSE.txt */ = {isa = PBXFileReference; lastKnownFileType = text; path = LICENSE.txt; sourceTree = "<group>"; };
		C9BD96222C77F2C3000DAE70 /* SmallRotateGameTests.xctest */ = {isa = PBXFileReference; explicitFileType = wrapper.cfbundle; includeInIndex = 0; path = SmallRotateGameTests.xctest; sourceTree = BUILT_PRODUCTS_DIR; };
		C9E7B5CD2C5AB12B00B97AEF /* levels.json */ = {isa = PBXFileReference; lastKnownFileType = text.json; name = levels.json; path = ../../../../../../../../../Users/tim_bzz/Documents/projects/xcode/SmallRotateGame/levels.json; sourceTree = SDKROOT; };
		C9E7B5D52C5ACB6900B97AEF /* CurrentLevel.json */ = {isa = PBXFileReference; lastKnownFileType = text.json; path = CurrentLevel.json; sourceTree = "<group>"; };
		C9F143342CB3E11300521037 /* README.md */ = {isa = PBXFileReference; lastKnownFileType = net.daringfireball.markdown; path = README.md; sourceTree = "<group>"; };
/* End PBXFileReference section */

/* Begin PBXFileSystemSynchronizedBuildFileExceptionSet section */
		C94C8D3B2C642A7200C5B5B8 /* PBXFileSystemSynchronizedBuildFileExceptionSet */ = {
			isa = PBXFileSystemSynchronizedBuildFileExceptionSet;
			membershipExceptions = (
				Info.plist,
				Views/SceneBuilder.swift,
			);
			target = C926E83F2C56BC7000C14176 /* SmallRotateGame */;
		};
/* End PBXFileSystemSynchronizedBuildFileExceptionSet section */

/* Begin PBXFileSystemSynchronizedRootGroup section */
		C926E8422C56BC7000C14176 /* SmallRotateGame */ = {isa = PBXFileSystemSynchronizedRootGroup; exceptions = (C94C8D3B2C642A7200C5B5B8 /* PBXFileSystemSynchronizedBuildFileExceptionSet */, ); explicitFileTypes = {}; explicitFolders = (); path = SmallRotateGame; sourceTree = "<group>"; };
		C9BD96232C77F2C3000DAE70 /* SmallRotateGameTests */ = {isa = PBXFileSystemSynchronizedRootGroup; explicitFileTypes = {}; explicitFolders = (); path = SmallRotateGameTests; sourceTree = "<group>"; };
/* End PBXFileSystemSynchronizedRootGroup section */

/* Begin PBXFrameworksBuildPhase section */
		C926E83D2C56BC7000C14176 /* Frameworks */ = {
			isa = PBXFrameworksBuildPhase;
			buildActionMask = 2147483647;
			files = (
				C926E85E2C57CE7300C14176 /* SwiftSVG in Frameworks */,
				C960F3C12C59A13B009A628A /* SwiftCSV in Frameworks */,
			);
			runOnlyForDeploymentPostprocessing = 0;
		};
		C9BD961F2C77F2C3000DAE70 /* Frameworks */ = {
			isa = PBXFrameworksBuildPhase;
			buildActionMask = 2147483647;
			files = (
			);
			runOnlyForDeploymentPostprocessing = 0;
		};
/* End PBXFrameworksBuildPhase section */

/* Begin PBXGroup section */
		C926E8372C56BC7000C14176 = {
			isa = PBXGroup;
			children = (
				C9316BAD2CB47EF3001C97D6 /* LICENSE.txt */,
				C9E7B5CD2C5AB12B00B97AEF /* levels.json */,
				C900C2582C643A72008C0322 /* Localizable.xcstrings */,
				C9E7B5D52C5ACB6900B97AEF /* CurrentLevel.json */,
				C9F143342CB3E11300521037 /* README.md */,
				C912640D2C59A4270082BDF8 /* levels.csv */,
				C926E8422C56BC7000C14176 /* SmallRotateGame */,
				C9BD96232C77F2C3000DAE70 /* SmallRotateGameTests */,
				C926E8412C56BC7000C14176 /* Products */,
			);
			sourceTree = "<group>";
		};
		C926E8412C56BC7000C14176 /* Products */ = {
			isa = PBXGroup;
			children = (
				C926E8402C56BC7000C14176 /* SmallRotateGame.app */,
				C9BD96222C77F2C3000DAE70 /* SmallRotateGameTests.xctest */,
			);
			name = Products;
			sourceTree = "<group>";
		};
/* End PBXGroup section */

/* Begin PBXNativeTarget section */
		C926E83F2C56BC7000C14176 /* SmallRotateGame */ = {
			isa = PBXNativeTarget;
			buildConfigurationList = C926E84E2C56BC7200C14176 /* Build configuration list for PBXNativeTarget "SmallRotateGame" */;
			buildPhases = (
				C926E83C2C56BC7000C14176 /* Sources */,
				C926E83D2C56BC7000C14176 /* Frameworks */,
				C926E83E2C56BC7000C14176 /* Resources */,
			);
			buildRules = (
			);
			dependencies = (
			);
			fileSystemSynchronizedGroups = (
				C926E8422C56BC7000C14176 /* SmallRotateGame */,
			);
			name = SmallRotateGame;
			packageProductDependencies = (
				C926E85D2C57CE7300C14176 /* SwiftSVG */,
				C960F3C02C59A13B009A628A /* SwiftCSV */,
			);
			productName = SmallRotateGame;
			productReference = C926E8402C56BC7000C14176 /* SmallRotateGame.app */;
			productType = "com.apple.product-type.application";
		};
		C9BD96212C77F2C3000DAE70 /* SmallRotateGameTests */ = {
			isa = PBXNativeTarget;
			buildConfigurationList = C9BD96282C77F2C3000DAE70 /* Build configuration list for PBXNativeTarget "SmallRotateGameTests" */;
			buildPhases = (
				C9BD961E2C77F2C3000DAE70 /* Sources */,
				C9BD961F2C77F2C3000DAE70 /* Frameworks */,
				C9BD96202C77F2C3000DAE70 /* Resources */,
			);
			buildRules = (
			);
			dependencies = (
				C9BD96272C77F2C3000DAE70 /* PBXTargetDependency */,
			);
			fileSystemSynchronizedGroups = (
				C9BD96232C77F2C3000DAE70 /* SmallRotateGameTests */,
			);
			name = SmallRotateGameTests;
			packageProductDependencies = (
			);
			productName = SmallRotateGameTests;
			productReference = C9BD96222C77F2C3000DAE70 /* SmallRotateGameTests.xctest */;
			productType = "com.apple.product-type.bundle.unit-test";
		};
/* End PBXNativeTarget section */

/* Begin PBXProject section */
		C926E8382C56BC7000C14176 /* Project object */ = {
			isa = PBXProject;
			attributes = {
				BuildIndependentTargetsInParallel = 1;
				KnownAssetTags = (
					MainLevels,
				);
				LastSwiftUpdateCheck = 1600;
				LastUpgradeCheck = 1600;
				TargetAttributes = {
					C926E83F2C56BC7000C14176 = {
						CreatedOnToolsVersion = 16.0;
					};
					C9BD96212C77F2C3000DAE70 = {
						CreatedOnToolsVersion = 16.0;
						TestTargetID = C926E83F2C56BC7000C14176;
					};
				};
			};
			buildConfigurationList = C926E83B2C56BC7000C14176 /* Build configuration list for PBXProject "SmallRotateGame" */;
			compatibilityVersion = "Xcode 15.0";
			developmentRegion = en;
			hasScannedForEncodings = 0;
			knownRegions = (
				en,
				Base,
				uk,
			);
			mainGroup = C926E8372C56BC7000C14176;
			packageReferences = (
				C926E85C2C57CE7300C14176 /* XCRemoteSwiftPackageReference "SwiftSVG" */,
				C960F3BF2C59A13B009A628A /* XCRemoteSwiftPackageReference "SwiftCSV" */,
			);
			productRefGroup = C926E8412C56BC7000C14176 /* Products */;
			projectDirPath = "";
			projectRoot = "";
			targets = (
				C926E83F2C56BC7000C14176 /* SmallRotateGame */,
				C9BD96212C77F2C3000DAE70 /* SmallRotateGameTests */,
			);
		};
/* End PBXProject section */

/* Begin PBXResourcesBuildPhase section */
		C926E83E2C56BC7000C14176 /* Resources */ = {
			isa = PBXResourcesBuildPhase;
			buildActionMask = 2147483647;
			files = (
				C9E7B5D62C5ACB7400B97AEF /* CurrentLevel.json in Resources */,
				C9E7B5D12C5AB64800B97AEF /* levels.json in Resources */,
				C900C2592C643A72008C0322 /* Localizable.xcstrings in Resources */,
				C9316BAE2CB47EF3001C97D6 /* LICENSE.txt in Resources */,
				C9F143352CB3E11C00521037 /* README.md in Resources */,
				C912640F2C59A4320082BDF8 /* levels.csv in Resources */,
			);
			runOnlyForDeploymentPostprocessing = 0;
		};
		C9BD96202C77F2C3000DAE70 /* Resources */ = {
			isa = PBXResourcesBuildPhase;
			buildActionMask = 2147483647;
			files = (
			);
			runOnlyForDeploymentPostprocessing = 0;
		};
/* End PBXResourcesBuildPhase section */

/* Begin PBXSourcesBuildPhase section */
		C926E83C2C56BC7000C14176 /* Sources */ = {
			isa = PBXSourcesBuildPhase;
			buildActionMask = 2147483647;
			files = (
			);
			runOnlyForDeploymentPostprocessing = 0;
		};
		C9BD961E2C77F2C3000DAE70 /* Sources */ = {
			isa = PBXSourcesBuildPhase;
			buildActionMask = 2147483647;
			files = (
			);
			runOnlyForDeploymentPostprocessing = 0;
		};
/* End PBXSourcesBuildPhase section */

/* Begin PBXTargetDependency section */
		C9BD96272C77F2C3000DAE70 /* PBXTargetDependency */ = {
			isa = PBXTargetDependency;
			target = C926E83F2C56BC7000C14176 /* SmallRotateGame */;
			targetProxy = C9BD96262C77F2C3000DAE70 /* PBXContainerItemProxy */;
		};
/* End PBXTargetDependency section */

/* Begin XCBuildConfiguration section */
		C926E84C2C56BC7200C14176 /* Debug */ = {
			isa = XCBuildConfiguration;
			buildSettings = {
				ALWAYS_SEARCH_USER_PATHS = NO;
				ASSETCATALOG_COMPILER_GENERATE_SWIFT_ASSET_SYMBOL_EXTENSIONS = YES;
				CLANG_ANALYZER_NONNULL = YES;
				CLANG_ANALYZER_NUMBER_OBJECT_CONVERSION = YES_AGGRESSIVE;
				CLANG_CXX_LANGUAGE_STANDARD = "gnu++20";
				CLANG_ENABLE_MODULES = YES;
				CLANG_ENABLE_OBJC_ARC = YES;
				CLANG_ENABLE_OBJC_WEAK = YES;
				CLANG_WARN_BLOCK_CAPTURE_AUTORELEASING = YES;
				CLANG_WARN_BOOL_CONVERSION = YES;
				CLANG_WARN_COMMA = YES;
				CLANG_WARN_CONSTANT_CONVERSION = YES;
				CLANG_WARN_DEPRECATED_OBJC_IMPLEMENTATIONS = YES;
				CLANG_WARN_DIRECT_OBJC_ISA_USAGE = YES_ERROR;
				CLANG_WARN_DOCUMENTATION_COMMENTS = YES;
				CLANG_WARN_EMPTY_BODY = YES;
				CLANG_WARN_ENUM_CONVERSION = YES;
				CLANG_WARN_INFINITE_RECURSION = YES;
				CLANG_WARN_INT_CONVERSION = YES;
				CLANG_WARN_NON_LITERAL_NULL_CONVERSION = YES;
				CLANG_WARN_OBJC_IMPLICIT_RETAIN_SELF = YES;
				CLANG_WARN_OBJC_LITERAL_CONVERSION = YES;
				CLANG_WARN_OBJC_ROOT_CLASS = YES_ERROR;
				CLANG_WARN_QUOTED_INCLUDE_IN_FRAMEWORK_HEADER = YES;
				CLANG_WARN_RANGE_LOOP_ANALYSIS = YES;
				CLANG_WARN_STRICT_PROTOTYPES = YES;
				CLANG_WARN_SUSPICIOUS_MOVE = YES;
				CLANG_WARN_UNGUARDED_AVAILABILITY = YES_AGGRESSIVE;
				CLANG_WARN_UNREACHABLE_CODE = YES;
				CLANG_WARN__DUPLICATE_METHOD_MATCH = YES;
				COPY_PHASE_STRIP = NO;
				DEBUG_INFORMATION_FORMAT = dwarf;
				ENABLE_STRICT_OBJC_MSGSEND = YES;
				ENABLE_TESTABILITY = YES;
				ENABLE_USER_SCRIPT_SANDBOXING = YES;
				GCC_C_LANGUAGE_STANDARD = gnu17;
				GCC_DYNAMIC_NO_PIC = NO;
				GCC_NO_COMMON_BLOCKS = YES;
				GCC_OPTIMIZATION_LEVEL = 0;
				GCC_PREPROCESSOR_DEFINITIONS = (
					"DEBUG=1",
					"$(inherited)",
				);
				GCC_WARN_64_TO_32_BIT_CONVERSION = YES;
				GCC_WARN_ABOUT_RETURN_TYPE = YES_ERROR;
				GCC_WARN_UNDECLARED_SELECTOR = YES;
				GCC_WARN_UNINITIALIZED_AUTOS = YES_AGGRESSIVE;
				GCC_WARN_UNUSED_FUNCTION = YES;
				GCC_WARN_UNUSED_VARIABLE = YES;
				IPHONEOS_DEPLOYMENT_TARGET = 18.0;
				LOCALIZATION_PREFERS_STRING_CATALOGS = YES;
				MTL_ENABLE_DEBUG_INFO = INCLUDE_SOURCE;
				MTL_FAST_MATH = YES;
				ONLY_ACTIVE_ARCH = YES;
				SDKROOT = iphoneos;
				SWIFT_ACTIVE_COMPILATION_CONDITIONS = "DEBUG $(inherited)";
				SWIFT_EMIT_LOC_STRINGS = YES;
				SWIFT_OPTIMIZATION_LEVEL = "-Onone";
			};
			name = Debug;
		};
		C926E84D2C56BC7200C14176 /* Release */ = {
			isa = XCBuildConfiguration;
			buildSettings = {
				ALWAYS_SEARCH_USER_PATHS = NO;
				ASSETCATALOG_COMPILER_GENERATE_SWIFT_ASSET_SYMBOL_EXTENSIONS = YES;
				CLANG_ANALYZER_NONNULL = YES;
				CLANG_ANALYZER_NUMBER_OBJECT_CONVERSION = YES_AGGRESSIVE;
				CLANG_CXX_LANGUAGE_STANDARD = "gnu++20";
				CLANG_ENABLE_MODULES = YES;
				CLANG_ENABLE_OBJC_ARC = YES;
				CLANG_ENABLE_OBJC_WEAK = YES;
				CLANG_WARN_BLOCK_CAPTURE_AUTORELEASING = YES;
				CLANG_WARN_BOOL_CONVERSION = YES;
				CLANG_WARN_COMMA = YES;
				CLANG_WARN_CONSTANT_CONVERSION = YES;
				CLANG_WARN_DEPRECATED_OBJC_IMPLEMENTATIONS = YES;
				CLANG_WARN_DIRECT_OBJC_ISA_USAGE = YES_ERROR;
				CLANG_WARN_DOCUMENTATION_COMMENTS = YES;
				CLANG_WARN_EMPTY_BODY = YES;
				CLANG_WARN_ENUM_CONVERSION = YES;
				CLANG_WARN_INFINITE_RECURSION = YES;
				CLANG_WARN_INT_CONVERSION = YES;
				CLANG_WARN_NON_LITERAL_NULL_CONVERSION = YES;
				CLANG_WARN_OBJC_IMPLICIT_RETAIN_SELF = YES;
				CLANG_WARN_OBJC_LITERAL_CONVERSION = YES;
				CLANG_WARN_OBJC_ROOT_CLASS = YES_ERROR;
				CLANG_WARN_QUOTED_INCLUDE_IN_FRAMEWORK_HEADER = YES;
				CLANG_WARN_RANGE_LOOP_ANALYSIS = YES;
				CLANG_WARN_STRICT_PROTOTYPES = YES;
				CLANG_WARN_SUSPICIOUS_MOVE = YES;
				CLANG_WARN_UNGUARDED_AVAILABILITY = YES_AGGRESSIVE;
				CLANG_WARN_UNREACHABLE_CODE = YES;
				CLANG_WARN__DUPLICATE_METHOD_MATCH = YES;
				COPY_PHASE_STRIP = NO;
				DEBUG_INFORMATION_FORMAT = "dwarf-with-dsym";
				ENABLE_NS_ASSERTIONS = NO;
				ENABLE_STRICT_OBJC_MSGSEND = YES;
				ENABLE_USER_SCRIPT_SANDBOXING = YES;
				GCC_C_LANGUAGE_STANDARD = gnu17;
				GCC_NO_COMMON_BLOCKS = YES;
				GCC_WARN_64_TO_32_BIT_CONVERSION = YES;
				GCC_WARN_ABOUT_RETURN_TYPE = YES_ERROR;
				GCC_WARN_UNDECLARED_SELECTOR = YES;
				GCC_WARN_UNINITIALIZED_AUTOS = YES_AGGRESSIVE;
				GCC_WARN_UNUSED_FUNCTION = YES;
				GCC_WARN_UNUSED_VARIABLE = YES;
				IPHONEOS_DEPLOYMENT_TARGET = 18.0;
				LOCALIZATION_PREFERS_STRING_CATALOGS = YES;
				MTL_ENABLE_DEBUG_INFO = NO;
				MTL_FAST_MATH = YES;
				SDKROOT = iphoneos;
				SWIFT_COMPILATION_MODE = wholemodule;
				SWIFT_EMIT_LOC_STRINGS = YES;
				VALIDATE_PRODUCT = YES;
			};
			name = Release;
		};
		C926E84F2C56BC7200C14176 /* Debug */ = {
			isa = XCBuildConfiguration;
			buildSettings = {
				ASSETCATALOG_COMPILER_APPICON_NAME = AppIcon;
				ASSETCATALOG_COMPILER_GLOBAL_ACCENT_COLOR_NAME = AccentColor;
				CODE_SIGN_STYLE = Automatic;
				CURRENT_PROJECT_VERSION = 1;
				DEVELOPMENT_ASSET_PATHS = "\"SmallRotateGame/Preview Content\"";
				DEVELOPMENT_TEAM = B23L3JWP6N;
				ENABLE_PREVIEWS = YES;
				GENERATE_INFOPLIST_FILE = YES;
				INFOPLIST_FILE = SmallRotateGame/Info.plist;
				INFOPLIST_KEY_UIApplicationSceneManifest_Generation = YES;
				INFOPLIST_KEY_UIApplicationSupportsIndirectInputEvents = YES;
				INFOPLIST_KEY_UILaunchScreen_Generation = YES;
				INFOPLIST_KEY_UISupportedInterfaceOrientations_iPad = "UIInterfaceOrientationPortrait UIInterfaceOrientationPortraitUpsideDown UIInterfaceOrientationLandscapeLeft UIInterfaceOrientationLandscapeRight";
				INFOPLIST_KEY_UISupportedInterfaceOrientations_iPhone = "UIInterfaceOrientationPortrait UIInterfaceOrientationLandscapeLeft UIInterfaceOrientationLandscapeRight";
				LD_RUNPATH_SEARCH_PATHS = (
					"$(inherited)",
					"@executable_path/Frameworks",
				);
				MARKETING_VERSION = 1.0;
				PRODUCT_BUNDLE_IDENTIFIER = Tymofii.SmallRotateGame;
				PRODUCT_NAME = "$(TARGET_NAME)";
				SWIFT_EMIT_LOC_STRINGS = YES;
				SWIFT_VERSION = 5.0;
				TARGETED_DEVICE_FAMILY = "1,2";
			};
			name = Debug;
		};
		C926E8502C56BC7200C14176 /* Release */ = {
			isa = XCBuildConfiguration;
			buildSettings = {
				ASSETCATALOG_COMPILER_APPICON_NAME = AppIcon;
				ASSETCATALOG_COMPILER_GLOBAL_ACCENT_COLOR_NAME = AccentColor;
				CODE_SIGN_STYLE = Automatic;
				CURRENT_PROJECT_VERSION = 1;
				DEVELOPMENT_ASSET_PATHS = "\"SmallRotateGame/Preview Content\"";
				DEVELOPMENT_TEAM = B23L3JWP6N;
				ENABLE_PREVIEWS = YES;
				GENERATE_INFOPLIST_FILE = YES;
				INFOPLIST_FILE = SmallRotateGame/Info.plist;
				INFOPLIST_KEY_UIApplicationSceneManifest_Generation = YES;
				INFOPLIST_KEY_UIApplicationSupportsIndirectInputEvents = YES;
				INFOPLIST_KEY_UILaunchScreen_Generation = YES;
				INFOPLIST_KEY_UISupportedInterfaceOrientations_iPad = "UIInterfaceOrientationPortrait UIInterfaceOrientationPortraitUpsideDown UIInterfaceOrientationLandscapeLeft UIInterfaceOrientationLandscapeRight";
				INFOPLIST_KEY_UISupportedInterfaceOrientations_iPhone = "UIInterfaceOrientationPortrait UIInterfaceOrientationLandscapeLeft UIInterfaceOrientationLandscapeRight";
				LD_RUNPATH_SEARCH_PATHS = (
					"$(inherited)",
					"@executable_path/Frameworks",
				);
				MARKETING_VERSION = 1.0;
				PRODUCT_BUNDLE_IDENTIFIER = Tymofii.SmallRotateGame;
				PRODUCT_NAME = "$(TARGET_NAME)";
				SWIFT_EMIT_LOC_STRINGS = YES;
				SWIFT_VERSION = 5.0;
				TARGETED_DEVICE_FAMILY = "1,2";
			};
			name = Release;
		};
		C9BD96292C77F2C3000DAE70 /* Debug */ = {
			isa = XCBuildConfiguration;
			buildSettings = {
				BUNDLE_LOADER = "$(TEST_HOST)";
				CODE_SIGN_STYLE = Automatic;
				CURRENT_PROJECT_VERSION = 1;
				DEVELOPMENT_TEAM = B23L3JWP6N;
				GENERATE_INFOPLIST_FILE = YES;
				MARKETING_VERSION = 1.0;
				PRODUCT_BUNDLE_IDENTIFIER = Tymofii.SmallRotateGameTests;
				PRODUCT_NAME = "$(TARGET_NAME)";
				SWIFT_EMIT_LOC_STRINGS = NO;
				SWIFT_VERSION = 5.0;
				TARGETED_DEVICE_FAMILY = "1,2";
				TEST_HOST = "$(BUILT_PRODUCTS_DIR)/SmallRotateGame.app/$(BUNDLE_EXECUTABLE_FOLDER_PATH)/SmallRotateGame";
			};
			name = Debug;
		};
		C9BD962A2C77F2C3000DAE70 /* Release */ = {
			isa = XCBuildConfiguration;
			buildSettings = {
				BUNDLE_LOADER = "$(TEST_HOST)";
				CODE_SIGN_STYLE = Automatic;
				CURRENT_PROJECT_VERSION = 1;
				DEVELOPMENT_TEAM = B23L3JWP6N;
				GENERATE_INFOPLIST_FILE = YES;
				MARKETING_VERSION = 1.0;
				PRODUCT_BUNDLE_IDENTIFIER = Tymofii.SmallRotateGameTests;
				PRODUCT_NAME = "$(TARGET_NAME)";
				SWIFT_EMIT_LOC_STRINGS = NO;
				SWIFT_VERSION = 5.0;
				TARGETED_DEVICE_FAMILY = "1,2";
				TEST_HOST = "$(BUILT_PRODUCTS_DIR)/SmallRotateGame.app/$(BUNDLE_EXECUTABLE_FOLDER_PATH)/SmallRotateGame";
			};
			name = Release;
		};
/* End XCBuildConfiguration section */

/* Begin XCConfigurationList section */
		C926E83B2C56BC7000C14176 /* Build configuration list for PBXProject "SmallRotateGame" */ = {
			isa = XCConfigurationList;
			buildConfigurations = (
				C926E84C2C56BC7200C14176 /* Debug */,
				C926E84D2C56BC7200C14176 /* Release */,
			);
			defaultConfigurationIsVisible = 0;
			defaultConfigurationName = Release;
		};
		C926E84E2C56BC7200C14176 /* Build configuration list for PBXNativeTarget "SmallRotateGame" */ = {
			isa = XCConfigurationList;
			buildConfigurations = (
				C926E84F2C56BC7200C14176 /* Debug */,
				C926E8502C56BC7200C14176 /* Release */,
			);
			defaultConfigurationIsVisible = 0;
			defaultConfigurationName = Release;
		};
		C9BD96282C77F2C3000DAE70 /* Build configuration list for PBXNativeTarget "SmallRotateGameTests" */ = {
			isa = XCConfigurationList;
			buildConfigurations = (
				C9BD96292C77F2C3000DAE70 /* Debug */,
				C9BD962A2C77F2C3000DAE70 /* Release */,
			);
			defaultConfigurationIsVisible = 0;
			defaultConfigurationName = Release;
		};
/* End XCConfigurationList section */

/* Begin XCRemoteSwiftPackageReference section */
		C926E85C2C57CE7300C14176 /* XCRemoteSwiftPackageReference "SwiftSVG" */ = {
			isa = XCRemoteSwiftPackageReference;
			repositoryURL = "https://github.com/mchoe/SwiftSVG";
			requirement = {
				branch = master;
				kind = branch;
			};
		};
		C960F3BF2C59A13B009A628A /* XCRemoteSwiftPackageReference "SwiftCSV" */ = {
			isa = XCRemoteSwiftPackageReference;
			repositoryURL = "https://github.com/swiftcsv/SwiftCSV";
			requirement = {
				kind = upToNextMajorVersion;
				minimumVersion = 0.10.0;
			};
		};
/* End XCRemoteSwiftPackageReference section */

/* Begin XCSwiftPackageProductDependency section */
		C926E85D2C57CE7300C14176 /* SwiftSVG */ = {
			isa = XCSwiftPackageProductDependency;
			package = C926E85C2C57CE7300C14176 /* XCRemoteSwiftPackageReference "SwiftSVG" */;
			productName = SwiftSVG;
		};
		C960F3C02C59A13B009A628A /* SwiftCSV */ = {
			isa = XCSwiftPackageProductDependency;
			package = C960F3BF2C59A13B009A628A /* XCRemoteSwiftPackageReference "SwiftCSV" */;
			productName = SwiftCSV;
		};
/* End XCSwiftPackageProductDependency section */
	};
	rootObject = C926E8382C56BC7000C14176 /* Project object */;
}
